// !$*UTF8*$!
{
	archiveVersion = 1;
	classes = {
	};
	objectVersion = 46;
	objects = {

/* Begin PBXBuildFile section */
		1616D59D1B6608DD00394A9D /* AppDelegate.swift in Sources */ = {isa = PBXBuildFile; fileRef = 1616D59C1B6608DD00394A9D /* AppDelegate.swift */; };
		1616D59F1B6608DD00394A9D /* ViewController.swift in Sources */ = {isa = PBXBuildFile; fileRef = 1616D59E1B6608DD00394A9D /* ViewController.swift */; };
		1616D5A21B6608DD00394A9D /* Main.storyboard in Resources */ = {isa = PBXBuildFile; fileRef = 1616D5A01B6608DD00394A9D /* Main.storyboard */; };
		1616D5A41B6608DD00394A9D /* Images.xcassets in Resources */ = {isa = PBXBuildFile; fileRef = 1616D5A31B6608DD00394A9D /* Images.xcassets */; };
		1616D5A71B6608DD00394A9D /* LaunchScreen.xib in Resources */ = {isa = PBXBuildFile; fileRef = 1616D5A51B6608DD00394A9D /* LaunchScreen.xib */; };
/* End PBXBuildFile section */

/* Begin PBXFileReference section */
		1616D5971B6608DD00394A9D /* TableView.app */ = {isa = PBXFileReference; explicitFileType = wrapper.application; includeInIndex = 0; path = TableView.app; sourceTree = BUILT_PRODUCTS_DIR; };
		1616D59B1B6608DD00394A9D /* Info.plist */ = {isa = PBXFileReference; lastKnownFileType = text.plist.xml; path = Info.plist; sourceTree = "<group>"; };
		1616D59C1B6608DD00394A9D /* AppDelegate.swift */ = {isa = PBXFileReference; lastKnownFileType = sourcecode.swift; path = AppDelegate.swift; sourceTree = "<group>"; };
		1616D59E1B6608DD00394A9D /* ViewController.swift */ = {isa = PBXFileReference; lastKnownFileType = sourcecode.swift; path = ViewController.swift; sourceTree = "<group>"; };
		1616D5A11B6608DD00394A9D /* Base */ = {isa = PBXFileReference; lastKnownFileType = file.storyboard; name = Base; path = Base.lproj/Main.storyboard; sourceTree = "<group>"; };
		1616D5A31B6608DD00394A9D /* Images.xcassets */ = {isa = PBXFileReference; lastKnownFileType = folder.assetcatalog; path = Images.xcassets; sourceTree = "<group>"; };
		1616D5A61B6608DD00394A9D /* Base */ = {isa = PBXFileReference; lastKnownFileType = file.xib; name = Base; path = Base.lproj/LaunchScreen.xib; sourceTree = "<group>"; };
/* End PBXFileReference section */

/* Begin PBXFrameworksBuildPhase section */
		1616D5941B6608DD00394A9D /* Frameworks */ = {
			isa = PBXFrameworksBuildPhase;
			buildActionMask = 2147483647;
			files = (
			);
			runOnlyForDeploymentPostprocessing = 0;
		};
/* End PBXFrameworksBuildPhase section */

/* Begin PBXGroup section */
		1616D58E1B6608DD00394A9D = {
			isa = PBXGroup;
			children = (
				1616D5991B6608DD00394A9D /* TableView */,
				1616D5981B6608DD00394A9D /* Products */,
			);
			sourceTree = "<group>";
		};
		1616D5981B6608DD00394A9D /* Products */ = {
			isa = PBXGroup;
			children = (
				1616D5971B6608DD00394A9D /* TableView.app */,
			);
			name = Products;
			sourceTree = "<group>";
		};
		1616D5991B6608DD00394A9D /* TableView */ = {
			isa = PBXGroup;
			children = (
				1616D59C1B6608DD00394A9D /* AppDelegate.swift */,
				1616D59E1B6608DD00394A9D /* ViewController.swift */,
				1616D5A01B6608DD00394A9D /* Main.storyboard */,
				1616D59A1B6608DD00394A9D /* Supporting Files */,
			);
			path = TableView;
			sourceTree = "<group>";
		};
		1616D59A1B6608DD00394A9D /* Supporting Files */ = {
			isa = PBXGroup;
			children = (
				1616D5A31B6608DD00394A9D /* Images.xcassets */,
				1616D5A51B6608DD00394A9D /* LaunchScreen.xib */,
				1616D59B1B6608DD00394A9D /* Info.plist */,
			);
			name = "Supporting Files";
			sourceTree = "<group>";
		};
/* End PBXGroup section */

/* Begin PBXNativeTarget section */
		1616D5961B6608DD00394A9D /* TableView */ = {
			isa = PBXNativeTarget;
			buildConfigurationList = 1616D5B61B6608DE00394A9D /* Build configuration list for PBXNativeTarget "TableView" */;
			buildPhases = (
				1616D5931B6608DD00394A9D /* Sources */,
				1616D5941B6608DD00394A9D /* Frameworks */,
				1616D5951B6608DD00394A9D /* Resources */,
			);
			buildRules = (
			);
			dependencies = (
			);
			name = TableView;
			productName = TableView;
			productReference = 1616D5971B6608DD00394A9D /* TableView.app */;
			productType = "com.apple.product-type.application";
		};
/* End PBXNativeTarget section */

/* Begin PBXProject section */
		1616D58F1B6608DD00394A9D /* Project object */ = {
			isa = PBXProject;
			attributes = {
				LastUpgradeCheck = 0640;
				ORGANIZATIONNAME = gbmKSquare;
				TargetAttributes = {
					1616D5961B6608DD00394A9D = {
						CreatedOnToolsVersion = 6.4;
					};
				};
			};
			buildConfigurationList = 1616D5921B6608DD00394A9D /* Build configuration list for PBXProject "TableView" */;
			compatibilityVersion = "Xcode 3.2";
			developmentRegion = English;
			hasScannedForEncodings = 0;
			knownRegions = (
				en,
				Base,
			);
			mainGroup = 1616D58E1B6608DD00394A9D;
			productRefGroup = 1616D5981B6608DD00394A9D /* Products */;
			projectDirPath = "";
			projectRoot = "";
			targets = (
				1616D5961B6608DD00394A9D /* TableView */,
			);
		};
/* End PBXProject section */

/* Begin PBXResourcesBuildPhase section */
		1616D5951B6608DD00394A9D /* Resources */ = {
			isa = PBXResourcesBuildPhase;
			buildActionMask = 2147483647;
			files = (
				1616D5A21B6608DD00394A9D /* Main.storyboard in Resources */,
				1616D5A71B6608DD00394A9D /* LaunchScreen.xib in Resources */,
				1616D5A41B6608DD00394A9D /* Images.xcassets in Resources */,
			);
			runOnlyForDeploymentPostprocessing = 0;
		};
/* End PBXResourcesBuildPhase section */

/* Begin PBXSourcesBuildPhase section */
		1616D5931B6608DD00394A9D /* Sources */ = {
			isa = PBXSourcesBuildPhase;
			buildActionMask = 2147483647;
			files = (
				1616D59F1B6608DD00394A9D /* ViewController.swift in Sources */,
				1616D59D1B6608DD00394A9D /* AppDelegate.swift in Sources */,
			);
			runOnlyForDeploymentPostprocessing = 0;
		};
/* End PBXSourcesBuildPhase section */

/* Begin PBXVariantGroup section */
		1616D5A01B6608DD00394A9D /* Main.storyboard */ = {
			isa = PBXVariantGroup;
			children = (
				1616D5A11B6608DD00394A9D /* Base */,
			);
			name = Main.storyboard;
			sourceTree = "<group>";
		};
		1616D5A51B6608DD00394A9D /* LaunchScreen.xib */ = {
			isa = PBXVariantGroup;
			children = (
				1616D5A61B6608DD00394A9D /* Base */,
			);
			name = LaunchScreen.xib;
			sourceTree = "<group>";
		};
/* End PBXVariantGroup section */

/* Begin XCBuildConfiguration section */
		1616D5B41B6608DE00394A9D /* Debug */ = {
			isa = XCBuildConfiguration;
			buildSettings = {
				ALWAYS_SEARCH_USER_PATHS = NO;
				CLANG_CXX_LANGUAGE_STANDARD = "gnu++0x";
				CLANG_CXX_LIBRARY = "libc++";
				CLANG_ENABLE_MODULES = YES;
				CLANG_ENABLE_OBJC_ARC = YES;
				CLANG_WARN_BOOL_CONVERSION = YES;
				CLANG_WARN_CONSTANT_CONVERSION = YES;
				CLANG_WARN_DIRECT_OBJC_ISA_USAGE = YES_ERROR;
				CLANG_WARN_EMPTY_BODY = YES;
				CLANG_WARN_ENUM_CONVERSION = YES;
				CLANG_WARN_INT_CONVERSION = YES;
				CLANG_WARN_OBJC_ROOT_CLASS = YES_ERROR;
				CLANG_WARN_UNREACHABLE_CODE = YES;
				CLANG_WARN__DUPLICATE_METHOD_MATCH = YES;
				"CODE_SIGN_IDENTITY[sdk=iphoneos*]" = "iPhone Developer";
				COPY_PHASE_STRIP = NO;
				DEBUG_INFORMATION_FORMAT = "dwarf-with-dsym";
				ENABLE_STRICT_OBJC_MSGSEND = YES;
				GCC_C_LANGUAGE_STANDARD = gnu99;
				GCC_DYNAMIC_NO_PIC = NO;
				GCC_NO_COMMON_BLOCKS = YES;
				GCC_OPTIMIZATION_LEVEL = 0;
				GCC_PREPROCESSOR_DEFINITIONS = (
					"DEBUG=1",
					"$(inherited)",
				);
				GCC_SYMBOLS_PRIVATE_EXTERN = NO;
				GCC_WARN_64_TO_32_BIT_CONVERSION = YES;
				GCC_WARN_ABOUT_RETURN_TYPE = YES_ERROR;
				GCC_WARN_UNDECLARED_SELECTOR = YES;
				GCC_WARN_UNINITIALIZED_AUTOS = YES_AGGRESSIVE;
				GCC_WARN_UNUSED_FUNCTION = YES;
				GCC_WARN_UNUSED_VARIABLE = YES;
				IPHONEOS_DEPLOYMENT_TARGET = 8.4;
				MTL_ENABLE_DEBUG_INFO = YES;
				ONLY_ACTIVE_ARCH = YES;
				SDKROOT = iphoneos;
				SWIFT_OPTIMIZATION_LEVEL = "-Onone";
			};
			name = Debug;
		};
		1616D5B51B6608DE00394A9D /* Release */ = {
			isa = XCBuildConfiguration;
			buildSettings = {
				ALWAYS_SEARCH_USER_PATHS = NO;
				CLANG_CXX_LANGUAGE_STANDARD = "gnu++0x";
				CLANG_CXX_LIBRARY = "libc++";
				CLANG_ENABLE_MODULES = YES;
				CLANG_ENABLE_OBJC_ARC = YES;
				CLANG_WARN_BOOL_CONVERSION = YES;
				CLANG_WARN_CONSTANT_CONVERSION = YES;
				CLANG_WARN_DIRECT_OBJC_ISA_USAGE = YES_ERROR;
				CLANG_WARN_EMPTY_BODY = YES;
				CLANG_WARN_ENUM_CONVERSION = YES;
				CLANG_WARN_INT_CONVERSION = YES;
				CLANG_WARN_OBJC_ROOT_CLASS = YES_ERROR;
				CLANG_WARN_UNREACHABLE_CODE = YES;
				CLANG_WARN__DUPLICATE_METHOD_MATCH = YES;
				"CODE_SIGN_IDENTITY[sdk=iphoneos*]" = "iPhone Developer";
				COPY_PHASE_STRIP = NO;
				DEBUG_INFORMATION_FORMAT = "dwarf-with-dsym";
				ENABLE_NS_ASSERTIONS = NO;
				ENABLE_STRICT_OBJC_MSGSEND = YES;
				GCC_C_LANGUAGE_STANDARD = gnu99;
				GCC_NO_COMMON_BLOCKS = YES;
				GCC_WARN_64_TO_32_BIT_CONVERSION = YES;
				GCC_WARN_ABOUT_RETURN_TYPE = YES_ERROR;
				GCC_WARN_UNDECLARED_SELECTOR = YES;
				GCC_WARN_UNINITIALIZED_AUTOS = YES_AGGRESSIVE;
				GCC_WARN_UNUSED_FUNCTION = YES;
				GCC_WARN_UNUSED_VARIABLE = YES;
				IPHONEOS_DEPLOYMENT_TARGET = 8.4;
				MTL_ENABLE_DEBUG_INFO = NO;
				SDKROOT = iphoneos;
				VALIDATE_PRODUCT = YES;
			};
			name = Release;
		};
		1616D5B71B6608DE00394A9D /* Debug */ = {
			isa = XCBuildConfiguration;
			buildSettings = {
				ASSETCATALOG_COMPILER_APPICON_NAME = AppIcon;
				INFOPLIST_FILE = TableView/Info.plist;
				LD_RUNPATH_SEARCH_PATHS = "$(inherited) @executable_path/Frameworks";
				PRODUCT_NAME = "$(TARGET_NAME)";
			};
			name = Debug;
		};
		1616D5B81B6608DE00394A9D /* Release */ = {
			isa = XCBuildConfiguration;
			buildSettings = {
				ASSETCATALOG_COMPILER_APPICON_NAME = AppIcon;
				INFOPLIST_FILE = TableView/Info.plist;
				LD_RUNPATH_SEARCH_PATHS = "$(inherited) @executable_path/Frameworks";
				PRODUCT_NAME = "$(TARGET_NAME)";
			};
			name = Release;
		};
/* End XCBuildConfiguration section */

/* Begin XCConfigurationList section */
		1616D5921B6608DD00394A9D /* Build configuration list for PBXProject "TableView" */ = {
			isa = XCConfigurationList;
			buildConfigurations = (
				1616D5B41B6608DE00394A9D /* Debug */,
				1616D5B51B6608DE00394A9D /* Release */,
			);
			defaultConfigurationIsVisible = 0;
			defaultConfigurationName = Release;
		};
		1616D5B61B6608DE00394A9D /* Build configuration list for PBXNativeTarget "TableView" */ = {
			isa = XCConfigurationList;
			buildConfigurations = (
				1616D5B71B6608DE00394A9D /* Debug */,
				1616D5B81B6608DE00394A9D /* Release */,
			);
			defaultConfigurationIsVisible = 0;
		};
/* End XCConfigurationList section */
	};
	rootObject = 1616D58F1B6608DD00394A9D /* Project object */;
}
