// !$*UTF8*$!
{
	archiveVersion = 1;
	classes = {
	};
	objectVersion = 46;
	objects = {

/* Begin PBXBuildFile section */
		169C8C761B5204A900F25EDB /* AppDelegate.swift in Sources */ = {isa = PBXBuildFile; fileRef = 169C8C751B5204A900F25EDB /* AppDelegate.swift */; };
		169C8C781B5204A900F25EDB /* ViewController.swift in Sources */ = {isa = PBXBuildFile; fileRef = 169C8C771B5204A900F25EDB /* ViewController.swift */; };
		169C8C7B1B5204A900F25EDB /* Main.storyboard in Resources */ = {isa = PBXBuildFile; fileRef = 169C8C791B5204A900F25EDB /* Main.storyboard */; };
		169C8C7D1B5204A900F25EDB /* Images.xcassets in Resources */ = {isa = PBXBuildFile; fileRef = 169C8C7C1B5204A900F25EDB /* Images.xcassets */; };
		169C8C801B5204A900F25EDB /* LaunchScreen.xib in Resources */ = {isa = PBXBuildFile; fileRef = 169C8C7E1B5204A900F25EDB /* LaunchScreen.xib */; };
/* End PBXBuildFile section */

/* Begin PBXFileReference section */
		169C8C701B5204A900F25EDB /* FirstApp.app */ = {isa = PBXFileReference; explicitFileType = wrapper.application; includeInIndex = 0; path = FirstApp.app; sourceTree = BUILT_PRODUCTS_DIR; };
		169C8C741B5204A900F25EDB /* Info.plist */ = {isa = PBXFileReference; lastKnownFileType = text.plist.xml; path = Info.plist; sourceTree = "<group>"; };
		169C8C751B5204A900F25EDB /* AppDelegate.swift */ = {isa = PBXFileReference; lastKnownFileType = sourcecode.swift; path = AppDelegate.swift; sourceTree = "<group>"; };
		169C8C771B5204A900F25EDB /* ViewController.swift */ = {isa = PBXFileReference; lastKnownFileType = sourcecode.swift; path = ViewController.swift; sourceTree = "<group>"; };
		169C8C7A1B5204A900F25EDB /* Base */ = {isa = PBXFileReference; lastKnownFileType = file.storyboard; name = Base; path = Base.lproj/Main.storyboard; sourceTree = "<group>"; };
		169C8C7C1B5204A900F25EDB /* Images.xcassets */ = {isa = PBXFileReference; lastKnownFileType = folder.assetcatalog; path = Images.xcassets; sourceTree = "<group>"; };
		169C8C7F1B5204A900F25EDB /* Base */ = {isa = PBXFileReference; lastKnownFileType = file.xib; name = Base; path = Base.lproj/LaunchScreen.xib; sourceTree = "<group>"; };
/* End PBXFileReference section */

/* Begin PBXFrameworksBuildPhase section */
		169C8C6D1B5204A900F25EDB /* Frameworks */ = {
			isa = PBXFrameworksBuildPhase;
			buildActionMask = 2147483647;
			files = (
			);
			runOnlyForDeploymentPostprocessing = 0;
		};
/* End PBXFrameworksBuildPhase section */

/* Begin PBXGroup section */
		169C8C671B5204A900F25EDB = {
			isa = PBXGroup;
			children = (
				169C8C721B5204A900F25EDB /* FirstApp */,
				169C8C711B5204A900F25EDB /* Products */,
			);
			sourceTree = "<group>";
		};
		169C8C711B5204A900F25EDB /* Products */ = {
			isa = PBXGroup;
			children = (
				169C8C701B5204A900F25EDB /* FirstApp.app */,
			);
			name = Products;
			sourceTree = "<group>";
		};
		169C8C721B5204A900F25EDB /* FirstApp */ = {
			isa = PBXGroup;
			children = (
				169C8C791B5204A900F25EDB /* Main.storyboard */,
				169C8C771B5204A900F25EDB /* ViewController.swift */,
				169C8C731B5204A900F25EDB /* Others */,
			);
			path = FirstApp;
			sourceTree = "<group>";
		};
		169C8C731B5204A900F25EDB /* Others */ = {
			isa = PBXGroup;
			children = (
				169C8C751B5204A900F25EDB /* AppDelegate.swift */,
				169C8C7E1B5204A900F25EDB /* LaunchScreen.xib */,
				169C8C7C1B5204A900F25EDB /* Images.xcassets */,
				169C8C741B5204A900F25EDB /* Info.plist */,
			);
			name = Others;
			sourceTree = "<group>";
		};
/* End PBXGroup section */

/* Begin PBXNativeTarget section */
		169C8C6F1B5204A900F25EDB /* FirstApp */ = {
			isa = PBXNativeTarget;
			buildConfigurationList = 169C8C8F1B5204AA00F25EDB /* Build configuration list for PBXNativeTarget "FirstApp" */;
			buildPhases = (
				169C8C6C1B5204A900F25EDB /* Sources */,
				169C8C6D1B5204A900F25EDB /* Frameworks */,
				169C8C6E1B5204A900F25EDB /* Resources */,
			);
			buildRules = (
			);
			dependencies = (
			);
			name = FirstApp;
			productName = FirstApp;
			productReference = 169C8C701B5204A900F25EDB /* FirstApp.app */;
			productType = "com.apple.product-type.application";
		};
/* End PBXNativeTarget section */

/* Begin PBXProject section */
		169C8C681B5204A900F25EDB /* Project object */ = {
			isa = PBXProject;
			attributes = {
				LastUpgradeCheck = 0640;
				ORGANIZATIONNAME = gbmKSquare;
				TargetAttributes = {
					169C8C6F1B5204A900F25EDB = {
						CreatedOnToolsVersion = 6.4;
					};
				};
			};
			buildConfigurationList = 169C8C6B1B5204A900F25EDB /* Build configuration list for PBXProject "FirstApp" */;
			compatibilityVersion = "Xcode 3.2";
			developmentRegion = English;
			hasScannedForEncodings = 0;
			knownRegions = (
				en,
				Base,
			);
			mainGroup = 169C8C671B5204A900F25EDB;
			productRefGroup = 169C8C711B5204A900F25EDB /* Products */;
			projectDirPath = "";
			projectRoot = "";
			targets = (
				169C8C6F1B5204A900F25EDB /* FirstApp */,
			);
		};
/* End PBXProject section */

/* Begin PBXResourcesBuildPhase section */
		169C8C6E1B5204A900F25EDB /* Resources */ = {
			isa = PBXResourcesBuildPhase;
			buildActionMask = 2147483647;
			files = (
				169C8C7B1B5204A900F25EDB /* Main.storyboard in Resources */,
				169C8C801B5204A900F25EDB /* LaunchScreen.xib in Resources */,
				169C8C7D1B5204A900F25EDB /* Images.xcassets in Resources */,
			);
			runOnlyForDeploymentPostprocessing = 0;
		};
/* End PBXResourcesBuildPhase section */

/* Begin PBXSourcesBuildPhase section */
		169C8C6C1B5204A900F25EDB /* Sources */ = {
			isa = PBXSourcesBuildPhase;
			buildActionMask = 2147483647;
			files = (
				169C8C781B5204A900F25EDB /* ViewController.swift in Sources */,
				169C8C761B5204A900F25EDB /* AppDelegate.swift in Sources */,
			);
			runOnlyForDeploymentPostprocessing = 0;
		};
/* End PBXSourcesBuildPhase section */

/* Begin PBXVariantGroup section */
		169C8C791B5204A900F25EDB /* Main.storyboard */ = {
			isa = PBXVariantGroup;
			children = (
				169C8C7A1B5204A900F25EDB /* Base */,
			);
			name = Main.storyboard;
			sourceTree = "<group>";
		};
		169C8C7E1B5204A900F25EDB /* LaunchScreen.xib */ = {
			isa = PBXVariantGroup;
			children = (
				169C8C7F1B5204A900F25EDB /* Base */,
			);
			name = LaunchScreen.xib;
			sourceTree = "<group>";
		};
/* End PBXVariantGroup section */

/* Begin XCBuildConfiguration section */
		169C8C8D1B5204AA00F25EDB /* Debug */ = {
			isa = XCBuildConfiguration;
			buildSettings = {
				ALWAYS_SEARCH_USER_PATHS = NO;
				CLANG_CXX_LANGUAGE_STANDARD = "gnu++0x";
				CLANG_CXX_LIBRARY = "libc++";
				CLANG_ENABLE_MODULES = YES;
				CLANG_ENABLE_OBJC_ARC = YES;
				CLANG_WARN_BOOL_CONVERSION = YES;
				CLANG_WARN_CONSTANT_CONVERSION = YES;
				CLANG_WARN_DIRECT_OBJC_ISA_USAGE = YES_ERROR;
				CLANG_WARN_EMPTY_BODY = YES;
				CLANG_WARN_ENUM_CONVERSION = YES;
				CLANG_WARN_INT_CONVERSION = YES;
				CLANG_WARN_OBJC_ROOT_CLASS = YES_ERROR;
				CLANG_WARN_UNREACHABLE_CODE = YES;
				CLANG_WARN__DUPLICATE_METHOD_MATCH = YES;
				"CODE_SIGN_IDENTITY[sdk=iphoneos*]" = "iPhone Developer";
				COPY_PHASE_STRIP = NO;
				DEBUG_INFORMATION_FORMAT = "dwarf-with-dsym";
				ENABLE_STRICT_OBJC_MSGSEND = YES;
				GCC_C_LANGUAGE_STANDARD = gnu99;
				GCC_DYNAMIC_NO_PIC = NO;
				GCC_NO_COMMON_BLOCKS = YES;
				GCC_OPTIMIZATION_LEVEL = 0;
				GCC_PREPROCESSOR_DEFINITIONS = (
					"DEBUG=1",
					"$(inherited)",
				);
				GCC_SYMBOLS_PRIVATE_EXTERN = NO;
				GCC_WARN_64_TO_32_BIT_CONVERSION = YES;
				GCC_WARN_ABOUT_RETURN_TYPE = YES_ERROR;
				GCC_WARN_UNDECLARED_SELECTOR = YES;
				GCC_WARN_UNINITIALIZED_AUTOS = YES_AGGRESSIVE;
				GCC_WARN_UNUSED_FUNCTION = YES;
				GCC_WARN_UNUSED_VARIABLE = YES;
				IPHONEOS_DEPLOYMENT_TARGET = 8.4;
				MTL_ENABLE_DEBUG_INFO = YES;
				ONLY_ACTIVE_ARCH = YES;
				SDKROOT = iphoneos;
				SWIFT_OPTIMIZATION_LEVEL = "-Onone";
			};
			name = Debug;
		};
		169C8C8E1B5204AA00F25EDB /* Release */ = {
			isa = XCBuildConfiguration;
			buildSettings = {
				ALWAYS_SEARCH_USER_PATHS = NO;
				CLANG_CXX_LANGUAGE_STANDARD = "gnu++0x";
				CLANG_CXX_LIBRARY = "libc++";
				CLANG_ENABLE_MODULES = YES;
				CLANG_ENABLE_OBJC_ARC = YES;
				CLANG_WARN_BOOL_CONVERSION = YES;
				CLANG_WARN_CONSTANT_CONVERSION = YES;
				CLANG_WARN_DIRECT_OBJC_ISA_USAGE = YES_ERROR;
				CLANG_WARN_EMPTY_BODY = YES;
				CLANG_WARN_ENUM_CONVERSION = YES;
				CLANG_WARN_INT_CONVERSION = YES;
				CLANG_WARN_OBJC_ROOT_CLASS = YES_ERROR;
				CLANG_WARN_UNREACHABLE_CODE = YES;
				CLANG_WARN__DUPLICATE_METHOD_MATCH = YES;
				"CODE_SIGN_IDENTITY[sdk=iphoneos*]" = "iPhone Developer";
				COPY_PHASE_STRIP = NO;
				DEBUG_INFORMATION_FORMAT = "dwarf-with-dsym";
				ENABLE_NS_ASSERTIONS = NO;
				ENABLE_STRICT_OBJC_MSGSEND = YES;
				GCC_C_LANGUAGE_STANDARD = gnu99;
				GCC_NO_COMMON_BLOCKS = YES;
				GCC_WARN_64_TO_32_BIT_CONVERSION = YES;
				GCC_WARN_ABOUT_RETURN_TYPE = YES_ERROR;
				GCC_WARN_UNDECLARED_SELECTOR = YES;
				GCC_WARN_UNINITIALIZED_AUTOS = YES_AGGRESSIVE;
				GCC_WARN_UNUSED_FUNCTION = YES;
				GCC_WARN_UNUSED_VARIABLE = YES;
				IPHONEOS_DEPLOYMENT_TARGET = 8.4;
				MTL_ENABLE_DEBUG_INFO = NO;
				SDKROOT = iphoneos;
				VALIDATE_PRODUCT = YES;
			};
			name = Release;
		};
		169C8C901B5204AA00F25EDB /* Debug */ = {
			isa = XCBuildConfiguration;
			buildSettings = {
				ASSETCATALOG_COMPILER_APPICON_NAME = AppIcon;
				INFOPLIST_FILE = FirstApp/Info.plist;
				LD_RUNPATH_SEARCH_PATHS = "$(inherited) @executable_path/Frameworks";
				PRODUCT_NAME = "$(TARGET_NAME)";
			};
			name = Debug;
		};
		169C8C911B5204AA00F25EDB /* Release */ = {
			isa = XCBuildConfiguration;
			buildSettings = {
				ASSETCATALOG_COMPILER_APPICON_NAME = AppIcon;
				INFOPLIST_FILE = FirstApp/Info.plist;
				LD_RUNPATH_SEARCH_PATHS = "$(inherited) @executable_path/Frameworks";
				PRODUCT_NAME = "$(TARGET_NAME)";
			};
			name = Release;
		};
/* End XCBuildConfiguration section */

/* Begin XCConfigurationList section */
		169C8C6B1B5204A900F25EDB /* Build configuration list for PBXProject "FirstApp" */ = {
			isa = XCConfigurationList;
			buildConfigurations = (
				169C8C8D1B5204AA00F25EDB /* Debug */,
				169C8C8E1B5204AA00F25EDB /* Release */,
			);
			defaultConfigurationIsVisible = 0;
			defaultConfigurationName = Release;
		};
		169C8C8F1B5204AA00F25EDB /* Build configuration list for PBXNativeTarget "FirstApp" */ = {
			isa = XCConfigurationList;
			buildConfigurations = (
				169C8C901B5204AA00F25EDB /* Debug */,
				169C8C911B5204AA00F25EDB /* Release */,
			);
			defaultConfigurationIsVisible = 0;
		};
/* End XCConfigurationList section */
	};
	rootObject = 169C8C681B5204A900F25EDB /* Project object */;
}
